// !$*UTF8*$!
{
	archiveVersion = 1;
	classes = {
	};
	objectVersion = 46;
	objects = {

/* Begin PBXBuildFile section */
		1D9147BB1E08717700E90D86 /* ASImageCompare.framework in Frameworks */ = {isa = PBXBuildFile; fileRef = 1D9147B11E08717700E90D86 /* ASImageCompare.framework */; };
		1D9147C01E08717700E90D86 /* ASImageCompareTests.m in Sources */ = {isa = PBXBuildFile; fileRef = 1D9147BF1E08717700E90D86 /* ASImageCompareTests.m */; };
		1D9147C21E08717700E90D86 /* ASImageCompare.h in Headers */ = {isa = PBXBuildFile; fileRef = 1D9147B41E08717700E90D86 /* ASImageCompare.h */; settings = {ATTRIBUTES = (Public, ); }; };
		1D9147D01E08732E00E90D86 /* ASImageHistogram.h in Headers */ = {isa = PBXBuildFile; fileRef = 1D9147CE1E08732E00E90D86 /* ASImageHistogram.h */; };
		1D9147D11E08732E00E90D86 /* ASImageHistogram.m in Sources */ = {isa = PBXBuildFile; fileRef = 1D9147CF1E08732E00E90D86 /* ASImageHistogram.m */; };
		1D9147DB1E08896600E90D86 /* UIImage+Compare.h in Headers */ = {isa = PBXBuildFile; fileRef = 1D9147D91E08896600E90D86 /* UIImage+Compare.h */; };
		1D9147DC1E08896600E90D86 /* UIImage+Compare.m in Sources */ = {isa = PBXBuildFile; fileRef = 1D9147DA1E08896600E90D86 /* UIImage+Compare.m */; };
		1D9147F61E0894B800E90D86 /* test_image1.jpg in Resources */ = {isa = PBXBuildFile; fileRef = 1D9147F21E0894B800E90D86 /* test_image1.jpg */; };
		1D9147F71E0894B800E90D86 /* test_image2.jpg in Resources */ = {isa = PBXBuildFile; fileRef = 1D9147F31E0894B800E90D86 /* test_image2.jpg */; };
		1D9147F81E0894B800E90D86 /* test_image3.jpg in Resources */ = {isa = PBXBuildFile; fileRef = 1D9147F41E0894B800E90D86 /* test_image3.jpg */; };
		1D9147F91E0894B800E90D86 /* test_image4.jpg in Resources */ = {isa = PBXBuildFile; fileRef = 1D9147F51E0894B800E90D86 /* test_image4.jpg */; };
/* End PBXBuildFile section */

/* Begin PBXContainerItemProxy section */
		1D9147BC1E08717700E90D86 /* PBXContainerItemProxy */ = {
			isa = PBXContainerItemProxy;
			containerPortal = 1D9147A81E08717700E90D86 /* Project object */;
			proxyType = 1;
			remoteGlobalIDString = 1D9147B01E08717700E90D86;
			remoteInfo = ASImageCompare;
		};
/* End PBXContainerItemProxy section */

/* Begin PBXFileReference section */
		1D9147B11E08717700E90D86 /* ASImageCompare.framework */ = {isa = PBXFileReference; explicitFileType = wrapper.framework; includeInIndex = 0; path = ASImageCompare.framework; sourceTree = BUILT_PRODUCTS_DIR; };
		1D9147B41E08717700E90D86 /* ASImageCompare.h */ = {isa = PBXFileReference; lastKnownFileType = sourcecode.c.h; path = ASImageCompare.h; sourceTree = "<group>"; };
		1D9147B51E08717700E90D86 /* Info.plist */ = {isa = PBXFileReference; lastKnownFileType = text.plist.xml; path = Info.plist; sourceTree = "<group>"; };
		1D9147BA1E08717700E90D86 /* ASImageCompareTests.xctest */ = {isa = PBXFileReference; explicitFileType = wrapper.cfbundle; includeInIndex = 0; path = ASImageCompareTests.xctest; sourceTree = BUILT_PRODUCTS_DIR; };
		1D9147BF1E08717700E90D86 /* ASImageCompareTests.m */ = {isa = PBXFileReference; lastKnownFileType = sourcecode.c.objc; path = ASImageCompareTests.m; sourceTree = "<group>"; };
		1D9147C11E08717700E90D86 /* Info.plist */ = {isa = PBXFileReference; lastKnownFileType = text.plist.xml; path = Info.plist; sourceTree = "<group>"; };
		1D9147CE1E08732E00E90D86 /* ASImageHistogram.h */ = {isa = PBXFileReference; fileEncoding = 4; lastKnownFileType = sourcecode.c.h; path = ASImageHistogram.h; sourceTree = "<group>"; };
		1D9147CF1E08732E00E90D86 /* ASImageHistogram.m */ = {isa = PBXFileReference; fileEncoding = 4; lastKnownFileType = sourcecode.c.objc; path = ASImageHistogram.m; sourceTree = "<group>"; };
		1D9147D91E08896600E90D86 /* UIImage+Compare.h */ = {isa = PBXFileReference; fileEncoding = 4; lastKnownFileType = sourcecode.c.h; path = "UIImage+Compare.h"; sourceTree = "<group>"; };
		1D9147DA1E08896600E90D86 /* UIImage+Compare.m */ = {isa = PBXFileReference; fileEncoding = 4; lastKnownFileType = sourcecode.c.objc; path = "UIImage+Compare.m"; sourceTree = "<group>"; };
		1D9147F21E0894B800E90D86 /* test_image1.jpg */ = {isa = PBXFileReference; lastKnownFileType = image.jpeg; path = test_image1.jpg; sourceTree = "<group>"; };
		1D9147F31E0894B800E90D86 /* test_image2.jpg */ = {isa = PBXFileReference; lastKnownFileType = image.jpeg; path = test_image2.jpg; sourceTree = "<group>"; };
		1D9147F41E0894B800E90D86 /* test_image3.jpg */ = {isa = PBXFileReference; lastKnownFileType = image.jpeg; path = test_image3.jpg; sourceTree = "<group>"; };
		1D9147F51E0894B800E90D86 /* test_image4.jpg */ = {isa = PBXFileReference; lastKnownFileType = image.jpeg; path = test_image4.jpg; sourceTree = "<group>"; };
/* End PBXFileReference section */

/* Begin PBXFrameworksBuildPhase section */
		1D9147AD1E08717700E90D86 /* Frameworks */ = {
			isa = PBXFrameworksBuildPhase;
			buildActionMask = 2147483647;
			files = (
			);
			runOnlyForDeploymentPostprocessing = 0;
		};
		1D9147B71E08717700E90D86 /* Frameworks */ = {
			isa = PBXFrameworksBuildPhase;
			buildActionMask = 2147483647;
			files = (
				1D9147BB1E08717700E90D86 /* ASImageCompare.framework in Frameworks */,
			);
			runOnlyForDeploymentPostprocessing = 0;
		};
/* End PBXFrameworksBuildPhase section */

/* Begin PBXGroup section */
		1D9147A71E08717700E90D86 = {
			isa = PBXGroup;
			children = (
				1D9147B31E08717700E90D86 /* ASImageCompare */,
				1D9147BE1E08717700E90D86 /* ASImageCompareTests */,
				1D9147B21E08717700E90D86 /* Products */,
			);
			sourceTree = "<group>";
		};
		1D9147B21E08717700E90D86 /* Products */ = {
			isa = PBXGroup;
			children = (
				1D9147B11E08717700E90D86 /* ASImageCompare.framework */,
				1D9147BA1E08717700E90D86 /* ASImageCompareTests.xctest */,
			);
			name = Products;
			sourceTree = "<group>";
		};
		1D9147B31E08717700E90D86 /* ASImageCompare */ = {
			isa = PBXGroup;
			children = (
				1D9147CD1E08725600E90D86 /* Classes */,
				1D9147B41E08717700E90D86 /* ASImageCompare.h */,
				1D9147B51E08717700E90D86 /* Info.plist */,
			);
			path = ASImageCompare;
			sourceTree = "<group>";
		};
		1D9147BE1E08717700E90D86 /* ASImageCompareTests */ = {
			isa = PBXGroup;
			children = (
				1D9147F21E0894B800E90D86 /* test_image1.jpg */,
				1D9147F31E0894B800E90D86 /* test_image2.jpg */,
				1D9147F41E0894B800E90D86 /* test_image3.jpg */,
				1D9147F51E0894B800E90D86 /* test_image4.jpg */,
				1D9147BF1E08717700E90D86 /* ASImageCompareTests.m */,
				1D9147C11E08717700E90D86 /* Info.plist */,
			);
			path = ASImageCompareTests;
			sourceTree = "<group>";
		};
		1D9147CD1E08725600E90D86 /* Classes */ = {
			isa = PBXGroup;
			children = (
				1D9147CE1E08732E00E90D86 /* ASImageHistogram.h */,
				1D9147CF1E08732E00E90D86 /* ASImageHistogram.m */,
				1D9147D91E08896600E90D86 /* UIImage+Compare.h */,
				1D9147DA1E08896600E90D86 /* UIImage+Compare.m */,
			);
			path = Classes;
			sourceTree = "<group>";
		};
/* End PBXGroup section */

/* Begin PBXHeadersBuildPhase section */
		1D9147AE1E08717700E90D86 /* Headers */ = {
			isa = PBXHeadersBuildPhase;
			buildActionMask = 2147483647;
			files = (
				1D9147C21E08717700E90D86 /* ASImageCompare.h in Headers */,
				1D9147DB1E08896600E90D86 /* UIImage+Compare.h in Headers */,
				1D9147D01E08732E00E90D86 /* ASImageHistogram.h in Headers */,
			);
			runOnlyForDeploymentPostprocessing = 0;
		};
/* End PBXHeadersBuildPhase section */

/* Begin PBXNativeTarget section */
		1D9147B01E08717700E90D86 /* ASImageCompare */ = {
			isa = PBXNativeTarget;
			buildConfigurationList = 1D9147C51E08717700E90D86 /* Build configuration list for PBXNativeTarget "ASImageCompare" */;
			buildPhases = (
				1D9147AC1E08717700E90D86 /* Sources */,
				1D9147AD1E08717700E90D86 /* Frameworks */,
				1D9147AE1E08717700E90D86 /* Headers */,
				1D9147AF1E08717700E90D86 /* Resources */,
			);
			buildRules = (
			);
			dependencies = (
			);
			name = ASImageCompare;
			productName = ASImageCompare;
			productReference = 1D9147B11E08717700E90D86 /* ASImageCompare.framework */;
			productType = "com.apple.product-type.framework";
		};
		1D9147B91E08717700E90D86 /* ASImageCompareTests */ = {
			isa = PBXNativeTarget;
			buildConfigurationList = 1D9147C81E08717700E90D86 /* Build configuration list for PBXNativeTarget "ASImageCompareTests" */;
			buildPhases = (
				1D9147B61E08717700E90D86 /* Sources */,
				1D9147B71E08717700E90D86 /* Frameworks */,
				1D9147B81E08717700E90D86 /* Resources */,
			);
			buildRules = (
			);
			dependencies = (
				1D9147BD1E08717700E90D86 /* PBXTargetDependency */,
			);
			name = ASImageCompareTests;
			productName = ASImageCompareTests;
			productReference = 1D9147BA1E08717700E90D86 /* ASImageCompareTests.xctest */;
			productType = "com.apple.product-type.bundle.unit-test";
		};
/* End PBXNativeTarget section */

/* Begin PBXProject section */
		1D9147A81E08717700E90D86 /* Project object */ = {
			isa = PBXProject;
			attributes = {
				LastUpgradeCheck = 0810;
				ORGANIZATIONNAME = "Alexey Subbotkin";
				TargetAttributes = {
					1D9147B01E08717700E90D86 = {
						CreatedOnToolsVersion = 8.1;
						DevelopmentTeam = 65W67XFXG5;
						ProvisioningStyle = Automatic;
					};
					1D9147B91E08717700E90D86 = {
						CreatedOnToolsVersion = 8.1;
						DevelopmentTeam = 65W67XFXG5;
						ProvisioningStyle = Automatic;
					};
				};
			};
			buildConfigurationList = 1D9147AB1E08717700E90D86 /* Build configuration list for PBXProject "ASImageCompare" */;
			compatibilityVersion = "Xcode 3.2";
			developmentRegion = English;
			hasScannedForEncodings = 0;
			knownRegions = (
				en,
			);
			mainGroup = 1D9147A71E08717700E90D86;
			productRefGroup = 1D9147B21E08717700E90D86 /* Products */;
			projectDirPath = "";
			projectRoot = "";
			targets = (
				1D9147B01E08717700E90D86 /* ASImageCompare */,
				1D9147B91E08717700E90D86 /* ASImageCompareTests */,
			);
		};
/* End PBXProject section */

/* Begin PBXResourcesBuildPhase section */
		1D9147AF1E08717700E90D86 /* Resources */ = {
			isa = PBXResourcesBuildPhase;
			buildActionMask = 2147483647;
			files = (
			);
			runOnlyForDeploymentPostprocessing = 0;
		};
		1D9147B81E08717700E90D86 /* Resources */ = {
			isa = PBXResourcesBuildPhase;
			buildActionMask = 2147483647;
			files = (
				1D9147F91E0894B800E90D86 /* test_image4.jpg in Resources */,
				1D9147F71E0894B800E90D86 /* test_image2.jpg in Resources */,
				1D9147F61E0894B800E90D86 /* test_image1.jpg in Resources */,
				1D9147F81E0894B800E90D86 /* test_image3.jpg in Resources */,
			);
			runOnlyForDeploymentPostprocessing = 0;
		};
/* End PBXResourcesBuildPhase section */

/* Begin PBXSourcesBuildPhase section */
		1D9147AC1E08717700E90D86 /* Sources */ = {
			isa = PBXSourcesBuildPhase;
			buildActionMask = 2147483647;
			files = (
				1D9147D11E08732E00E90D86 /* ASImageHistogram.m in Sources */,
				1D9147DC1E08896600E90D86 /* UIImage+Compare.m in Sources */,
			);
			runOnlyForDeploymentPostprocessing = 0;
		};
		1D9147B61E08717700E90D86 /* Sources */ = {
			isa = PBXSourcesBuildPhase;
			buildActionMask = 2147483647;
			files = (
				1D9147C01E08717700E90D86 /* ASImageCompareTests.m in Sources */,
			);
			runOnlyForDeploymentPostprocessing = 0;
		};
/* End PBXSourcesBuildPhase section */

/* Begin PBXTargetDependency section */
		1D9147BD1E08717700E90D86 /* PBXTargetDependency */ = {
			isa = PBXTargetDependency;
			target = 1D9147B01E08717700E90D86 /* ASImageCompare */;
			targetProxy = 1D9147BC1E08717700E90D86 /* PBXContainerItemProxy */;
		};
/* End PBXTargetDependency section */

/* Begin XCBuildConfiguration section */
		1D9147C31E08717700E90D86 /* Debug */ = {
			isa = XCBuildConfiguration;
			buildSettings = {
				ALWAYS_SEARCH_USER_PATHS = NO;
				CLANG_ANALYZER_NONNULL = YES;
				CLANG_CXX_LANGUAGE_STANDARD = "gnu++0x";
				CLANG_CXX_LIBRARY = "libc++";
				CLANG_ENABLE_MODULES = YES;
				CLANG_ENABLE_OBJC_ARC = YES;
				CLANG_WARN_BOOL_CONVERSION = YES;
				CLANG_WARN_CONSTANT_CONVERSION = YES;
				CLANG_WARN_DIRECT_OBJC_ISA_USAGE = YES_ERROR;
				CLANG_WARN_DOCUMENTATION_COMMENTS = YES;
				CLANG_WARN_EMPTY_BODY = YES;
				CLANG_WARN_ENUM_CONVERSION = YES;
				CLANG_WARN_INFINITE_RECURSION = YES;
				CLANG_WARN_INT_CONVERSION = YES;
				CLANG_WARN_OBJC_ROOT_CLASS = YES_ERROR;
				CLANG_WARN_SUSPICIOUS_MOVES = YES;
				CLANG_WARN_UNREACHABLE_CODE = YES;
				CLANG_WARN__DUPLICATE_METHOD_MATCH = YES;
				"CODE_SIGN_IDENTITY[sdk=iphoneos*]" = "iPhone Developer";
				COPY_PHASE_STRIP = NO;
				CURRENT_PROJECT_VERSION = 1;
				DEBUG_INFORMATION_FORMAT = dwarf;
				ENABLE_STRICT_OBJC_MSGSEND = YES;
				ENABLE_TESTABILITY = YES;
				GCC_C_LANGUAGE_STANDARD = gnu99;
				GCC_DYNAMIC_NO_PIC = NO;
				GCC_NO_COMMON_BLOCKS = YES;
				GCC_OPTIMIZATION_LEVEL = 0;
				GCC_PREPROCESSOR_DEFINITIONS = (
					"DEBUG=1",
					"$(inherited)",
				);
				GCC_WARN_64_TO_32_BIT_CONVERSION = YES;
				GCC_WARN_ABOUT_RETURN_TYPE = YES_ERROR;
				GCC_WARN_UNDECLARED_SELECTOR = YES;
				GCC_WARN_UNINITIALIZED_AUTOS = YES_AGGRESSIVE;
				GCC_WARN_UNUSED_FUNCTION = YES;
				GCC_WARN_UNUSED_VARIABLE = YES;
				IPHONEOS_DEPLOYMENT_TARGET = 10.1;
				MTL_ENABLE_DEBUG_INFO = YES;
				ONLY_ACTIVE_ARCH = YES;
				SDKROOT = iphoneos;
				TARGETED_DEVICE_FAMILY = "1,2";
				VERSIONING_SYSTEM = "apple-generic";
				VERSION_INFO_PREFIX = "";
			};
			name = Debug;
		};
		1D9147C41E08717700E90D86 /* Release */ = {
			isa = XCBuildConfiguration;
			buildSettings = {
				ALWAYS_SEARCH_USER_PATHS = NO;
				CLANG_ANALYZER_NONNULL = YES;
				CLANG_CXX_LANGUAGE_STANDARD = "gnu++0x";
				CLANG_CXX_LIBRARY = "libc++";
				CLANG_ENABLE_MODULES = YES;
				CLANG_ENABLE_OBJC_ARC = YES;
				CLANG_WARN_BOOL_CONVERSION = YES;
				CLANG_WARN_CONSTANT_CONVERSION = YES;
				CLANG_WARN_DIRECT_OBJC_ISA_USAGE = YES_ERROR;
				CLANG_WARN_DOCUMENTATION_COMMENTS = YES;
				CLANG_WARN_EMPTY_BODY = YES;
				CLANG_WARN_ENUM_CONVERSION = YES;
				CLANG_WARN_INFINITE_RECURSION = YES;
				CLANG_WARN_INT_CONVERSION = YES;
				CLANG_WARN_OBJC_ROOT_CLASS = YES_ERROR;
				CLANG_WARN_SUSPICIOUS_MOVES = YES;
				CLANG_WARN_UNREACHABLE_CODE = YES;
				CLANG_WARN__DUPLICATE_METHOD_MATCH = YES;
				"CODE_SIGN_IDENTITY[sdk=iphoneos*]" = "iPhone Developer";
				COPY_PHASE_STRIP = NO;
				CURRENT_PROJECT_VERSION = 1;
				DEBUG_INFORMATION_FORMAT = "dwarf-with-dsym";
				ENABLE_NS_ASSERTIONS = NO;
				ENABLE_STRICT_OBJC_MSGSEND = YES;
				GCC_C_LANGUAGE_STANDARD = gnu99;
				GCC_NO_COMMON_BLOCKS = YES;
				GCC_WARN_64_TO_32_BIT_CONVERSION = YES;
				GCC_WARN_ABOUT_RETURN_TYPE = YES_ERROR;
				GCC_WARN_UNDECLARED_SELECTOR = YES;
				GCC_WARN_UNINITIALIZED_AUTOS = YES_AGGRESSIVE;
				GCC_WARN_UNUSED_FUNCTION = YES;
				GCC_WARN_UNUSED_VARIABLE = YES;
				IPHONEOS_DEPLOYMENT_TARGET = 10.1;
				MTL_ENABLE_DEBUG_INFO = NO;
				SDKROOT = iphoneos;
				TARGETED_DEVICE_FAMILY = "1,2";
				VALIDATE_PRODUCT = YES;
				VERSIONING_SYSTEM = "apple-generic";
				VERSION_INFO_PREFIX = "";
			};
			name = Release;
		};
		1D9147C61E08717700E90D86 /* Debug */ = {
			isa = XCBuildConfiguration;
			buildSettings = {
				CODE_SIGN_IDENTITY = "";
				DEFINES_MODULE = YES;
				DEVELOPMENT_TEAM = 65W67XFXG5;
				DYLIB_COMPATIBILITY_VERSION = 1;
				DYLIB_CURRENT_VERSION = 1;
				DYLIB_INSTALL_NAME_BASE = "@rpath";
				INFOPLIST_FILE = ASImageCompare/Info.plist;
				INSTALL_PATH = "$(LOCAL_LIBRARY_DIR)/Frameworks";
				LD_RUNPATH_SEARCH_PATHS = "$(inherited) @executable_path/Frameworks @loader_path/Frameworks";
				PRODUCT_BUNDLE_IDENTIFIER = com.subbotkin.ASImageCompare;
				PRODUCT_NAME = "$(TARGET_NAME)";
				SKIP_INSTALL = YES;
			};
			name = Debug;
		};
		1D9147C71E08717700E90D86 /* Release */ = {
			isa = XCBuildConfiguration;
			buildSettings = {
				CODE_SIGN_IDENTITY = "";
				DEFINES_MODULE = YES;
				DEVELOPMENT_TEAM = 65W67XFXG5;
				DYLIB_COMPATIBILITY_VERSION = 1;
				DYLIB_CURRENT_VERSION = 1;
				DYLIB_INSTALL_NAME_BASE = "@rpath";
				INFOPLIST_FILE = ASImageCompare/Info.plist;
				INSTALL_PATH = "$(LOCAL_LIBRARY_DIR)/Frameworks";
				LD_RUNPATH_SEARCH_PATHS = "$(inherited) @executable_path/Frameworks @loader_path/Frameworks";
				PRODUCT_BUNDLE_IDENTIFIER = com.subbotkin.ASImageCompare;
				PRODUCT_NAME = "$(TARGET_NAME)";
				SKIP_INSTALL = YES;
			};
			name = Release;
		};
		1D9147C91E08717700E90D86 /* Debug */ = {
			isa = XCBuildConfiguration;
			buildSettings = {
				DEVELOPMENT_TEAM = 65W67XFXG5;
				INFOPLIST_FILE = ASImageCompareTests/Info.plist;
				LD_RUNPATH_SEARCH_PATHS = "$(inherited) @executable_path/Frameworks @loader_path/Frameworks";
				PRODUCT_BUNDLE_IDENTIFIER = com.subbotkin.ASImageCompareTests;
				PRODUCT_NAME = "$(TARGET_NAME)";
			};
			name = Debug;
		};
		1D9147CA1E08717700E90D86 /* Release */ = {
			isa = XCBuildConfiguration;
			buildSettings = {
				DEVELOPMENT_TEAM = 65W67XFXG5;
				INFOPLIST_FILE = ASImageCompareTests/Info.plist;
				LD_RUNPATH_SEARCH_PATHS = "$(inherited) @executable_path/Frameworks @loader_path/Frameworks";
				PRODUCT_BUNDLE_IDENTIFIER = com.subbotkin.ASImageCompareTests;
				PRODUCT_NAME = "$(TARGET_NAME)";
			};
			name = Release;
		};
/* End XCBuildConfiguration section */

/* Begin XCConfigurationList section */
		1D9147AB1E08717700E90D86 /* Build configuration list for PBXProject "ASImageCompare" */ = {
			isa = XCConfigurationList;
			buildConfigurations = (
				1D9147C31E08717700E90D86 /* Debug */,
				1D9147C41E08717700E90D86 /* Release */,
			);
			defaultConfigurationIsVisible = 0;
			defaultConfigurationName = Release;
		};
		1D9147C51E08717700E90D86 /* Build configuration list for PBXNativeTarget "ASImageCompare" */ = {
			isa = XCConfigurationList;
			buildConfigurations = (
				1D9147C61E08717700E90D86 /* Debug */,
				1D9147C71E08717700E90D86 /* Release */,
			);
			defaultConfigurationIsVisible = 0;
			defaultConfigurationName = Release;
		};
		1D9147C81E08717700E90D86 /* Build configuration list for PBXNativeTarget "ASImageCompareTests" */ = {
			isa = XCConfigurationList;
			buildConfigurations = (
				1D9147C91E08717700E90D86 /* Debug */,
				1D9147CA1E08717700E90D86 /* Release */,
			);
			defaultConfigurationIsVisible = 0;
			defaultConfigurationName = Release;
		};
/* End XCConfigurationList section */
	};
	rootObject = 1D9147A81E08717700E90D86 /* Project object */;
}
